
Microsoft Visual Studio Solution File, Format Version 12.00
# Visual Studio Version 16
VisualStudioVersion = 16.0.30907.101
MinimumVisualStudioVersion = 10.0.40219.1
Project("{FAE04EC0-301F-11D3-BF4B-00C04F79EFBC}") = "FileProcess", "FileProcess\FileProcess.csproj", "{5A41899D-153B-4438-8B66-F47CD4A3F056}"
EndProject
Project("{FAE04EC0-301F-11D3-BF4B-00C04F79EFBC}") = "FileProcessTest", "FileProcessTest\FileProcessTest.csproj", "{CC348EEA-7405-4618-922F-D9BF336FA02F}"
EndProject
Global
	GlobalSection(SolutionConfigurationPlatforms) = preSolution
		Debug|Any CPU = Debug|Any CPU
		Release|Any CPU = Release|Any CPU
	EndGlobalSection
	GlobalSection(ProjectConfigurationPlatforms) = postSolution
		{5A41899D-153B-4438-8B66-F47CD4A3F056}.Debug|Any CPU.ActiveCfg = Debug|Any CPU
		{5A41899D-153B-4438-8B66-F47CD4A3F056}.Debug|Any CPU.Build.0 = Debug|Any CPU
		{5A41899D-153B-4438-8B66-F47CD4A3F056}.Release|Any CPU.ActiveCfg = Release|Any CPU
		{5A41899D-153B-4438-8B66-F47CD4A3F056}.Release|Any CPU.Build.0 = Release|Any CPU
		{CC348EEA-7405-4618-922F-D9BF336FA02F}.Debug|Any CPU.ActiveCfg = Debug|Any CPU
		{CC348EEA-7405-4618-922F-D9BF336FA02F}.Debug|Any CPU.Build.0 = Debug|Any CPU
		{CC348EEA-7405-4618-922F-D9BF336FA02F}.Release|Any CPU.ActiveCfg = Release|Any CPU
		{CC348EEA-7405-4618-922F-D9BF336FA02F}.Release|Any CPU.Build.0 = Release|Any CPU
	EndGlobalSection
	GlobalSection(SolutionProperties) = preSolution
		HideSolutionNode = FALSE
	EndGlobalSection
	GlobalSection(ExtensibilityGlobals) = postSolution
		SolutionGuid = {7F0141BC-CBE0-4B03-88FA-222AE78ED974}
	EndGlobalSection
EndGlobal
